
Microsoft Visual Studio Solution File, Format Version 12.00
# Visual Studio Version 16
VisualStudioVersion = 16.0.29905.134
MinimumVisualStudioVersion = 10.0.40219.1
Project("{FAE04EC0-301F-11D3-BF4B-00C04F79EFBC}") = "APRSOFTWARE_APP.Android", "APRSOFTWARE_APP\APRSOFTWARE_APP.Android\APRSOFTWARE_APP.Android.csproj", "{283071F3-1EC5-4DAE-9EB1-CEFDC56F3C9F}"
EndProject
Project("{9A19103F-16F7-4668-BE54-9A1E7A4F7556}") = "APRSOFTWARE_APP", "APRSOFTWARE_APP\APRSOFTWARE_APP\APRSOFTWARE_APP.csproj", "{4F4315C6-DBEE-4C12-A11E-F52AF545E1C7}"
EndProject
Global
	GlobalSection(SolutionConfigurationPlatforms) = preSolution
		Debug|Any CPU = Debug|Any CPU
		Debug|iPhone = Debug|iPhone
		Debug|iPhoneSimulator = Debug|iPhoneSimulator
		Debug|x64 = Debug|x64
		Release|Any CPU = Release|Any CPU
		Release|iPhone = Release|iPhone
		Release|iPhoneSimulator = Release|iPhoneSimulator
		Release|x64 = Release|x64
	EndGlobalSection
	GlobalSection(ProjectConfigurationPlatforms) = postSolution
		{283071F3-1EC5-4DAE-9EB1-CEFDC56F3C9F}.Debug|Any CPU.ActiveCfg = Debug|Any CPU
		{283071F3-1EC5-4DAE-9EB1-CEFDC56F3C9F}.Debug|Any CPU.Build.0 = Debug|Any CPU
		{283071F3-1EC5-4DAE-9EB1-CEFDC56F3C9F}.Debug|Any CPU.Deploy.0 = Debug|Any CPU
		{283071F3-1EC5-4DAE-9EB1-CEFDC56F3C9F}.Debug|iPhone.ActiveCfg = Debug|Any CPU
		{283071F3-1EC5-4DAE-9EB1-CEFDC56F3C9F}.Debug|iPhone.Build.0 = Debug|Any CPU
		{283071F3-1EC5-4DAE-9EB1-CEFDC56F3C9F}.Debug|iPhone.Deploy.0 = Debug|Any CPU
		{283071F3-1EC5-4DAE-9EB1-CEFDC56F3C9F}.Debug|iPhoneSimulator.ActiveCfg = Debug|Any CPU
		{283071F3-1EC5-4DAE-9EB1-CEFDC56F3C9F}.Debug|iPhoneSimulator.Build.0 = Debug|Any CPU
		{283071F3-1EC5-4DAE-9EB1-CEFDC56F3C9F}.Debug|iPhoneSimulator.Deploy.0 = Debug|Any CPU
		{283071F3-1EC5-4DAE-9EB1-CEFDC56F3C9F}.Debug|x64.ActiveCfg = Debug|x64
		{283071F3-1EC5-4DAE-9EB1-CEFDC56F3C9F}.Debug|x64.Build.0 = Debug|x64
		{283071F3-1EC5-4DAE-9EB1-CEFDC56F3C9F}.Debug|x64.Deploy.0 = Debug|x64
		{283071F3-1EC5-4DAE-9EB1-CEFDC56F3C9F}.Release|Any CPU.ActiveCfg = Debug|Any CPU
		{283071F3-1EC5-4DAE-9EB1-CEFDC56F3C9F}.Release|Any CPU.Build.0 = Debug|Any CPU
		{283071F3-1EC5-4DAE-9EB1-CEFDC56F3C9F}.Release|Any CPU.Deploy.0 = Debug|Any CPU
		{283071F3-1EC5-4DAE-9EB1-CEFDC56F3C9F}.Release|iPhone.ActiveCfg = Release|Any CPU
		{283071F3-1EC5-4DAE-9EB1-CEFDC56F3C9F}.Release|iPhone.Build.0 = Release|Any CPU
		{283071F3-1EC5-4DAE-9EB1-CEFDC56F3C9F}.Release|iPhone.Deploy.0 = Release|Any CPU
		{283071F3-1EC5-4DAE-9EB1-CEFDC56F3C9F}.Release|iPhoneSimulator.ActiveCfg = Release|Any CPU
		{283071F3-1EC5-4DAE-9EB1-CEFDC56F3C9F}.Release|iPhoneSimulator.Build.0 = Release|Any CPU
		{283071F3-1EC5-4DAE-9EB1-CEFDC56F3C9F}.Release|iPhoneSimulator.Deploy.0 = Release|Any CPU
		{283071F3-1EC5-4DAE-9EB1-CEFDC56F3C9F}.Release|x64.ActiveCfg = Release|x64
		{283071F3-1EC5-4DAE-9EB1-CEFDC56F3C9F}.Release|x64.Build.0 = Release|x64
		{283071F3-1EC5-4DAE-9EB1-CEFDC56F3C9F}.Release|x64.Deploy.0 = Release|x64
		{4F4315C6-DBEE-4C12-A11E-F52AF545E1C7}.Debug|Any CPU.ActiveCfg = Debug|Any CPU
		{4F4315C6-DBEE-4C12-A11E-F52AF545E1C7}.Debug|Any CPU.Build.0 = Debug|Any CPU
		{4F4315C6-DBEE-4C12-A11E-F52AF545E1C7}.Debug|Any CPU.Deploy.0 = Debug|Any CPU
		{4F4315C6-DBEE-4C12-A11E-F52AF545E1C7}.Debug|iPhone.ActiveCfg = Debug|Any CPU
		{4F4315C6-DBEE-4C12-A11E-F52AF545E1C7}.Debug|iPhone.Build.0 = Debug|Any CPU
		{4F4315C6-DBEE-4C12-A11E-F52AF545E1C7}.Debug|iPhone.Deploy.0 = Debug|Any CPU
		{4F4315C6-DBEE-4C12-A11E-F52AF545E1C7}.Debug|iPhoneSimulator.ActiveCfg = Debug|Any CPU
		{4F4315C6-DBEE-4C12-A11E-F52AF545E1C7}.Debug|iPhoneSimulator.Build.0 = Debug|Any CPU
		{4F4315C6-DBEE-4C12-A11E-F52AF545E1C7}.Debug|iPhoneSimulator.Deploy.0 = Debug|Any CPU
		{4F4315C6-DBEE-4C12-A11E-F52AF545E1C7}.Debug|x64.ActiveCfg = Debug|x64
		{4F4315C6-DBEE-4C12-A11E-F52AF545E1C7}.Debug|x64.Build.0 = Debug|x64
		{4F4315C6-DBEE-4C12-A11E-F52AF545E1C7}.Release|Any CPU.ActiveCfg = Debug|Any CPU
		{4F4315C6-DBEE-4C12-A11E-F52AF545E1C7}.Release|Any CPU.Build.0 = Debug|Any CPU
		{4F4315C6-DBEE-4C12-A11E-F52AF545E1C7}.Release|Any CPU.Deploy.0 = Debug|Any CPU
		{4F4315C6-DBEE-4C12-A11E-F52AF545E1C7}.Release|iPhone.ActiveCfg = Release|Any CPU
		{4F4315C6-DBEE-4C12-A11E-F52AF545E1C7}.Release|iPhone.Build.0 = Release|Any CPU
		{4F4315C6-DBEE-4C12-A11E-F52AF545E1C7}.Release|iPhone.Deploy.0 = Release|Any CPU
		{4F4315C6-DBEE-4C12-A11E-F52AF545E1C7}.Release|iPhoneSimulator.ActiveCfg = Release|Any CPU
		{4F4315C6-DBEE-4C12-A11E-F52AF545E1C7}.Release|iPhoneSimulator.Build.0 = Release|Any CPU
		{4F4315C6-DBEE-4C12-A11E-F52AF545E1C7}.Release|iPhoneSimulator.Deploy.0 = Release|Any CPU
		{4F4315C6-DBEE-4C12-A11E-F52AF545E1C7}.Release|x64.ActiveCfg = Release|x64
		{4F4315C6-DBEE-4C12-A11E-F52AF545E1C7}.Release|x64.Build.0 = Release|x64
	EndGlobalSection
	GlobalSection(SolutionProperties) = preSolution
		HideSolutionNode = FALSE
	EndGlobalSection
	GlobalSection(ExtensibilityGlobals) = postSolution
		SolutionGuid = {DDF20CD2-C473-4FB3-828F-A17FB21FA0E6}
	EndGlobalSection
EndGlobal
